
Microsoft Visual Studio Solution File, Format Version 12.00
# Visual Studio Version 16
VisualStudioVersion = 16.0.30320.27
MinimumVisualStudioVersion = 10.0.40219.1
Project("{9A19103F-16F7-4668-BE54-9A1E7A4F7556}") = "Splitwise.Web", "Splitwise.Web\Splitwise.Web.csproj", "{5DC1A0E9-DEF6-4256-BDEC-AD762498FE7B}"
EndProject
Project("{9A19103F-16F7-4668-BE54-9A1E7A4F7556}") = "Splitwise.DomainModel", "Splitwise.DomainModel\Splitwise.DomainModel.csproj", "{3A5ED01E-E5FF-4D49-B6F5-BE89FC11BC8E}"
EndProject
Project("{9A19103F-16F7-4668-BE54-9A1E7A4F7556}") = "Splitwise.Core", "Splitwise.Core\Splitwise.Core.csproj", "{1F358A37-830A-456F-8650-E8074C4A8D49}"
EndProject
Project("{FAE04EC0-301F-11D3-BF4B-00C04F79EFBC}") = "Spiltwise.Repository", "Spiltwsie.Repository\Spiltwise.Repository.csproj", "{83281076-8973-4C46-9C77-73129439B74C}"
EndProject
Global
	GlobalSection(SolutionConfigurationPlatforms) = preSolution
		Debug|Any CPU = Debug|Any CPU
		Release|Any CPU = Release|Any CPU
	EndGlobalSection
	GlobalSection(ProjectConfigurationPlatforms) = postSolution
		{5DC1A0E9-DEF6-4256-BDEC-AD762498FE7B}.Debug|Any CPU.ActiveCfg = Debug|Any CPU
		{5DC1A0E9-DEF6-4256-BDEC-AD762498FE7B}.Debug|Any CPU.Build.0 = Debug|Any CPU
		{5DC1A0E9-DEF6-4256-BDEC-AD762498FE7B}.Release|Any CPU.ActiveCfg = Release|Any CPU
		{5DC1A0E9-DEF6-4256-BDEC-AD762498FE7B}.Release|Any CPU.Build.0 = Release|Any CPU
		{3A5ED01E-E5FF-4D49-B6F5-BE89FC11BC8E}.Debug|Any CPU.ActiveCfg = Debug|Any CPU
		{3A5ED01E-E5FF-4D49-B6F5-BE89FC11BC8E}.Debug|Any CPU.Build.0 = Debug|Any CPU
		{3A5ED01E-E5FF-4D49-B6F5-BE89FC11BC8E}.Release|Any CPU.ActiveCfg = Release|Any CPU
		{3A5ED01E-E5FF-4D49-B6F5-BE89FC11BC8E}.Release|Any CPU.Build.0 = Release|Any CPU
		{1F358A37-830A-456F-8650-E8074C4A8D49}.Debug|Any CPU.ActiveCfg = Debug|Any CPU
		{1F358A37-830A-456F-8650-E8074C4A8D49}.Debug|Any CPU.Build.0 = Debug|Any CPU
		{1F358A37-830A-456F-8650-E8074C4A8D49}.Release|Any CPU.ActiveCfg = Release|Any CPU
		{1F358A37-830A-456F-8650-E8074C4A8D49}.Release|Any CPU.Build.0 = Release|Any CPU
		{83281076-8973-4C46-9C77-73129439B74C}.Debug|Any CPU.ActiveCfg = Debug|Any CPU
		{83281076-8973-4C46-9C77-73129439B74C}.Debug|Any CPU.Build.0 = Debug|Any CPU
		{83281076-8973-4C46-9C77-73129439B74C}.Release|Any CPU.ActiveCfg = Release|Any CPU
		{83281076-8973-4C46-9C77-73129439B74C}.Release|Any CPU.Build.0 = Release|Any CPU
	EndGlobalSection
	GlobalSection(SolutionProperties) = preSolution
		HideSolutionNode = FALSE
	EndGlobalSection
	GlobalSection(ExtensibilityGlobals) = postSolution
		SolutionGuid = {C7BF9EF8-7C7E-4D9D-93CE-B94449588B50}
	EndGlobalSection
EndGlobal
